{
  "name": "PIA-Program-Manager",
  "lockfileVersion": 3,
  "requires": true,
  "packages": {
    "": {
      "dependencies": {
        "@reduxjs/toolkit": "^2.2.1",
        "react-redux": "^9.1.0",
        "redux-saga": "^1.3.0"
      }
    },
    "node_modules/@babel/runtime": {
      "version": "7.23.9",
      "resolved": "https://registry.npmjs.org/@babel/runtime/-/runtime-7.23.9.tgz",
      "integrity": "sha512-0CX6F+BI2s9dkUqr08KFrAIZgNFj75rdBU/DjCyYLIaV/quFjkk6T+EJ2LkZHyZTbEV4L5p97mNkUsHl2wLFAw==",
      "dependencies": {
        "regenerator-runtime": "^0.14.0"
      },
      "engines": {
        "node": ">=6.9.0"
      }
    },
    "node_modules/@redux-saga/core": {
      "version": "1.3.0",
      "resolved": "https://registry.npmjs.org/@redux-saga/core/-/core-1.3.0.tgz",
      "integrity": "sha512-L+i+qIGuyWn7CIg7k1MteHGfttKPmxwZR5E7OsGikCL2LzYA0RERlaUY00Y3P3ZV2EYgrsYlBrGs6cJP5OKKqA==",
      "dependencies": {
        "@babel/runtime": "^7.6.3",
        "@redux-saga/deferred": "^1.2.1",
        "@redux-saga/delay-p": "^1.2.1",
        "@redux-saga/is": "^1.1.3",
        "@redux-saga/symbols": "^1.1.3",
        "@redux-saga/types": "^1.2.1",
        "typescript-tuple": "^2.2.1"
      },
      "funding": {
        "type": "opencollective",
        "url": "https://opencollective.com/redux-saga"
      }
    },
    "node_modules/@redux-saga/deferred": {
      "version": "1.2.1",
      "resolved": "https://registry.npmjs.org/@redux-saga/deferred/-/deferred-1.2.1.tgz",
      "integrity": "sha512-cmin3IuuzMdfQjA0lG4B+jX+9HdTgHZZ+6u3jRAOwGUxy77GSlTi4Qp2d6PM1PUoTmQUR5aijlA39scWWPF31g=="
    },
    "node_modules/@redux-saga/delay-p": {
      "version": "1.2.1",
      "resolved": "https://registry.npmjs.org/@redux-saga/delay-p/-/delay-p-1.2.1.tgz",
      "integrity": "sha512-MdiDxZdvb1m+Y0s4/hgdcAXntpUytr9g0hpcOO1XFVyyzkrDu3SKPgBFOtHn7lhu7n24ZKIAT1qtKyQjHqRd+w==",
      "dependencies": {
        "@redux-saga/symbols": "^1.1.3"
      }
    },
    "node_modules/@redux-saga/is": {
      "version": "1.1.3",
      "resolved": "https://registry.npmjs.org/@redux-saga/is/-/is-1.1.3.tgz",
      "integrity": "sha512-naXrkETG1jLRfVfhOx/ZdLj0EyAzHYbgJWkXbB3qFliPcHKiWbv/ULQryOAEKyjrhiclmr6AMdgsXFyx7/yE6Q==",
      "dependencies": {
        "@redux-saga/symbols": "^1.1.3",
        "@redux-saga/types": "^1.2.1"
      }
    },
    "node_modules/@redux-saga/symbols": {
      "version": "1.1.3",
      "resolved": "https://registry.npmjs.org/@redux-saga/symbols/-/symbols-1.1.3.tgz",
      "integrity": "sha512-hCx6ZvU4QAEUojETnX8EVg4ubNLBFl1Lps4j2tX7o45x/2qg37m3c6v+kSp8xjDJY+2tJw4QB3j8o8dsl1FDXg=="
    },
    "node_modules/@redux-saga/types": {
      "version": "1.2.1",
      "resolved": "https://registry.npmjs.org/@redux-saga/types/-/types-1.2.1.tgz",
      "integrity": "sha512-1dgmkh+3so0+LlBWRhGA33ua4MYr7tUOj+a9Si28vUi0IUFNbff1T3sgpeDJI/LaC75bBYnQ0A3wXjn0OrRNBA=="
    },
    "node_modules/@reduxjs/toolkit": {
      "version": "2.2.1",
      "resolved": "https://registry.npmjs.org/@reduxjs/toolkit/-/toolkit-2.2.1.tgz",
      "integrity": "sha512-8CREoqJovQW/5I4yvvijm/emUiCCmcs4Ev4XPWd4mizSO+dD3g5G6w34QK5AGeNrSH7qM8Fl66j4vuV7dpOdkw==",
      "dependencies": {
        "immer": "^10.0.3",
        "redux": "^5.0.1",
        "redux-thunk": "^3.1.0",
        "reselect": "^5.0.1"
      },
      "peerDependencies": {
        "react": "^16.9.0 || ^17.0.0 || ^18",
        "react-redux": "^7.2.1 || ^8.1.3 || ^9.0.0"
      },
      "peerDependenciesMeta": {
        "react": {
          "optional": true
        },
        "react-redux": {
          "optional": true
        }
      }
    },
    "node_modules/@types/use-sync-external-store": {
      "version": "0.0.3",
      "resolved": "https://registry.npmjs.org/@types/use-sync-external-store/-/use-sync-external-store-0.0.3.tgz",
      "integrity": "sha512-EwmlvuaxPNej9+T4v5AuBPJa2x2UOJVdjCtDHgcDqitUeOtjnJKJ+apYjVcAoBEMjKW1VVFGZLUb5+qqa09XFA=="
    },
    "node_modules/immer": {
      "version": "10.0.3",
      "resolved": "https://registry.npmjs.org/immer/-/immer-10.0.3.tgz",
      "integrity": "sha512-pwupu3eWfouuaowscykeckFmVTpqbzW+rXFCX8rQLkZzM9ftBmU/++Ra+o+L27mz03zJTlyV4UUr+fdKNffo4A==",
      "funding": {
        "type": "opencollective",
        "url": "https://opencollective.com/immer"
      }
    },
    "node_modules/js-tokens": {
      "version": "4.0.0",
      "resolved": "https://registry.npmjs.org/js-tokens/-/js-tokens-4.0.0.tgz",
      "integrity": "sha512-RdJUflcE3cUzKiMqQgsCu06FPu9UdIJO0beYbPhHN4k6apgJtifcoCtT9bcxOpYBtpD2kCM6Sbzg4CausW/PKQ==",
      "peer": true
    },
    "node_modules/loose-envify": {
      "version": "1.4.0",
      "resolved": "https://registry.npmjs.org/loose-envify/-/loose-envify-1.4.0.tgz",
      "integrity": "sha512-lyuxPGr/Wfhrlem2CL/UcnUc1zcqKAImBDzukY7Y5F/yQiNdko6+fRLevlw1HgMySw7f611UIY408EtxRSoK3Q==",
      "peer": true,
      "dependencies": {
        "js-tokens": "^3.0.0 || ^4.0.0"
      },
      "bin": {
        "loose-envify": "cli.js"
      }
    },
    "node_modules/react": {
      "version": "18.2.0",
      "resolved": "https://registry.npmjs.org/react/-/react-18.2.0.tgz",
      "integrity": "sha512-/3IjMdb2L9QbBdWiW5e3P2/npwMBaU9mHCSCUzNln0ZCYbcfTsGbTJrU/kGemdH2IWmB2ioZ+zkxtmq6g09fGQ==",
      "peer": true,
      "dependencies": {
        "loose-envify": "^1.1.0"
      },
      "engines": {
        "node": ">=0.10.0"
      }
    },
    "node_modules/react-redux": {
      "version": "9.1.0",
      "resolved": "https://registry.npmjs.org/react-redux/-/react-redux-9.1.0.tgz",
      "integrity": "sha512-6qoDzIO+gbrza8h3hjMA9aq4nwVFCKFtY2iLxCtVT38Swyy2C/dJCGBXHeHLtx6qlg/8qzc2MrhOeduf5K32wQ==",
      "dependencies": {
        "@types/use-sync-external-store": "^0.0.3",
        "use-sync-external-store": "^1.0.0"
      },
      "peerDependencies": {
        "@types/react": "^18.2.25",
        "react": "^18.0",
        "react-native": ">=0.69",
        "redux": "^5.0.0"
      },
      "peerDependenciesMeta": {
        "@types/react": {
          "optional": true
        },
        "react-native": {
          "optional": true
        },
        "redux": {
          "optional": true
        }
      }
    },
    "node_modules/redux": {
      "version": "5.0.1",
      "resolved": "https://registry.npmjs.org/redux/-/redux-5.0.1.tgz",
      "integrity": "sha512-M9/ELqF6fy8FwmkpnF0S3YKOqMyoWJ4+CS5Efg2ct3oY9daQvd/Pc71FpGZsVsbl3Cpb+IIcjBDUnnyBdQbq4w=="
    },
    "node_modules/redux-saga": {
      "version": "1.3.0",
      "resolved": "https://registry.npmjs.org/redux-saga/-/redux-saga-1.3.0.tgz",
      "integrity": "sha512-J9RvCeAZXSTAibFY0kGw6Iy4EdyDNW7k6Q+liwX+bsck7QVsU78zz8vpBRweEfANxnnlG/xGGeOvf6r8UXzNJQ==",
      "dependencies": {
        "@redux-saga/core": "^1.3.0"
      }
    },
    "node_modules/redux-thunk": {
      "version": "3.1.0",
      "resolved": "https://registry.npmjs.org/redux-thunk/-/redux-thunk-3.1.0.tgz",
      "integrity": "sha512-NW2r5T6ksUKXCabzhL9z+h206HQw/NJkcLm1GPImRQ8IzfXwRGqjVhKJGauHirT0DAuyy6hjdnMZaRoAcy0Klw==",
      "peerDependencies": {
        "redux": "^5.0.0"
      }
    },
    "node_modules/regenerator-runtime": {
      "version": "0.14.1",
      "resolved": "https://registry.npmjs.org/regenerator-runtime/-/regenerator-runtime-0.14.1.tgz",
      "integrity": "sha512-dYnhHh0nJoMfnkZs6GmmhFknAGRrLznOu5nc9ML+EJxGvrx6H7teuevqVqCuPcPK//3eDrrjQhehXVx9cnkGdw=="
    },
    "node_modules/reselect": {
      "version": "5.1.0",
      "resolved": "https://registry.npmjs.org/reselect/-/reselect-5.1.0.tgz",
      "integrity": "sha512-aw7jcGLDpSgNDyWBQLv2cedml85qd95/iszJjN988zX1t7AVRJi19d9kto5+W7oCfQ94gyo40dVbT6g2k4/kXg=="
    },
    "node_modules/typescript-compare": {
      "version": "0.0.2",
      "resolved": "https://registry.npmjs.org/typescript-compare/-/typescript-compare-0.0.2.tgz",
      "integrity": "sha512-8ja4j7pMHkfLJQO2/8tut7ub+J3Lw2S3061eJLFQcvs3tsmJKp8KG5NtpLn7KcY2w08edF74BSVN7qJS0U6oHA==",
      "dependencies": {
        "typescript-logic": "^0.0.0"
      }
    },
    "node_modules/typescript-logic": {
      "version": "0.0.0",
      "resolved": "https://registry.npmjs.org/typescript-logic/-/typescript-logic-0.0.0.tgz",
      "integrity": "sha512-zXFars5LUkI3zP492ls0VskH3TtdeHCqu0i7/duGt60i5IGPIpAHE/DWo5FqJ6EjQ15YKXrt+AETjv60Dat34Q=="
    },
    "node_modules/typescript-tuple": {
      "version": "2.2.1",
      "resolved": "https://registry.npmjs.org/typescript-tuple/-/typescript-tuple-2.2.1.tgz",
      "integrity": "sha512-Zcr0lbt8z5ZdEzERHAMAniTiIKerFCMgd7yjq1fPnDJ43et/k9twIFQMUYff9k5oXcsQ0WpvFcgzK2ZKASoW6Q==",
      "dependencies": {
        "typescript-compare": "^0.0.2"
      }
    },
    "node_modules/use-sync-external-store": {
      "version": "1.2.0",
      "resolved": "https://registry.npmjs.org/use-sync-external-store/-/use-sync-external-store-1.2.0.tgz",
      "integrity": "sha512-eEgnFxGQ1Ife9bzYs6VLi8/4X6CObHMw9Qr9tPY43iKwsPw8xE8+EFsf/2cFZ5S3esXgpWgtSCtLNS41F+sKPA==",
      "peerDependencies": {
        "react": "^16.8.0 || ^17.0.0 || ^18.0.0"
      }
    }
  }
}
