{
  "name": "PIA-Program-Manager",
  "lockfileVersion": 3,
  "requires": true,
  "packages": {
    "": {
      "dependencies": {
        "clsx": "^2.1.0",
        "tailwind-merge": "^2.2.0"
      },
      "devDependencies": {
        "prettier": "^3.2.4",
        "prettier-plugin-tailwindcss": "^0.5.11"
      }
    },
    "node_modules/@babel/runtime": {
      "version": "7.23.8",
      "resolved": "https://registry.npmjs.org/@babel/runtime/-/runtime-7.23.8.tgz",
      "integrity": "sha512-Y7KbAP984rn1VGMbGqKmBLio9V7y5Je9GvU4rQPCPinCyNfUcToxIXl06d59URp/F3LwinvODxab5N/G6qggkw==",
      "dependencies": {
        "regenerator-runtime": "^0.14.0"
      },
      "engines": {
        "node": ">=6.9.0"
      }
    },
    "node_modules/clsx": {
      "version": "2.1.0",
      "resolved": "https://registry.npmjs.org/clsx/-/clsx-2.1.0.tgz",
      "integrity": "sha512-m3iNNWpd9rl3jvvcBnu70ylMdrXt8Vlq4HYadnU5fwcOtvkSQWPmj7amUcDT2qYI7risszBjI5AUIUox9D16pg==",
      "engines": {
        "node": ">=6"
      }
    },
    "node_modules/prettier": {
      "version": "3.2.4",
      "resolved": "https://registry.npmjs.org/prettier/-/prettier-3.2.4.tgz",
      "integrity": "sha512-FWu1oLHKCrtpO1ypU6J0SbK2d9Ckwysq6bHj/uaCP26DxrPpppCLQRGVuqAxSTvhF00AcvDRyYrLNW7ocBhFFQ==",
      "dev": true,
      "bin": {
        "prettier": "bin/prettier.cjs"
      },
      "engines": {
        "node": ">=14"
      },
      "funding": {
        "url": "https://github.com/prettier/prettier?sponsor=1"
      }
    },
    "node_modules/prettier-plugin-tailwindcss": {
      "version": "0.5.11",
      "resolved": "https://registry.npmjs.org/prettier-plugin-tailwindcss/-/prettier-plugin-tailwindcss-0.5.11.tgz",
      "integrity": "sha512-AvI/DNyMctyyxGOjyePgi/gqj5hJYClZ1avtQvLlqMT3uDZkRbi4HhGUpok3DRzv9z7Lti85Kdj3s3/1CeNI0w==",
      "dev": true,
      "engines": {
        "node": ">=14.21.3"
      },
      "peerDependencies": {
        "@ianvs/prettier-plugin-sort-imports": "*",
        "@prettier/plugin-pug": "*",
        "@shopify/prettier-plugin-liquid": "*",
        "@trivago/prettier-plugin-sort-imports": "*",
        "prettier": "^3.0",
        "prettier-plugin-astro": "*",
        "prettier-plugin-css-order": "*",
        "prettier-plugin-import-sort": "*",
        "prettier-plugin-jsdoc": "*",
        "prettier-plugin-marko": "*",
        "prettier-plugin-organize-attributes": "*",
        "prettier-plugin-organize-imports": "*",
        "prettier-plugin-style-order": "*",
        "prettier-plugin-svelte": "*"
      },
      "peerDependenciesMeta": {
        "@ianvs/prettier-plugin-sort-imports": {
          "optional": true
        },
        "@prettier/plugin-pug": {
          "optional": true
        },
        "@shopify/prettier-plugin-liquid": {
          "optional": true
        },
        "@trivago/prettier-plugin-sort-imports": {
          "optional": true
        },
        "prettier-plugin-astro": {
          "optional": true
        },
        "prettier-plugin-css-order": {
          "optional": true
        },
        "prettier-plugin-import-sort": {
          "optional": true
        },
        "prettier-plugin-jsdoc": {
          "optional": true
        },
        "prettier-plugin-marko": {
          "optional": true
        },
        "prettier-plugin-organize-attributes": {
          "optional": true
        },
        "prettier-plugin-organize-imports": {
          "optional": true
        },
        "prettier-plugin-style-order": {
          "optional": true
        },
        "prettier-plugin-svelte": {
          "optional": true
        },
        "prettier-plugin-twig-melody": {
          "optional": true
        }
      }
    },
    "node_modules/regenerator-runtime": {
      "version": "0.14.1",
      "resolved": "https://registry.npmjs.org/regenerator-runtime/-/regenerator-runtime-0.14.1.tgz",
      "integrity": "sha512-dYnhHh0nJoMfnkZs6GmmhFknAGRrLznOu5nc9ML+EJxGvrx6H7teuevqVqCuPcPK//3eDrrjQhehXVx9cnkGdw=="
    },
    "node_modules/tailwind-merge": {
      "version": "2.2.0",
      "resolved": "https://registry.npmjs.org/tailwind-merge/-/tailwind-merge-2.2.0.tgz",
      "integrity": "sha512-SqqhhaL0T06SW59+JVNfAqKdqLs0497esifRrZ7jOaefP3o64fdFNDMrAQWZFMxTLJPiHVjRLUywT8uFz1xNWQ==",
      "dependencies": {
        "@babel/runtime": "^7.23.5"
      },
      "funding": {
        "type": "github",
        "url": "https://github.com/sponsors/dcastil"
      }
    }
  }
}
